
Microsoft Visual Studio Solution File, Format Version 12.00
# Visual Studio Version 17
VisualStudioVersion = 17.0.32014.148
MinimumVisualStudioVersion = 10.0.40219.1
Project("{9A19103F-16F7-4668-BE54-9A1E7A4F7556}") = "Altinn.Profile", "src\Altinn.Profile\Altinn.Profile.csproj", "{D32C4EE9-E827-467A-B116-8EF0BA08A11F}"
EndProject
Project("{9A19103F-16F7-4668-BE54-9A1E7A4F7556}") = "Altinn.Profile.Integrations", "src\Altinn.Profile.Integrations\Altinn.Profile.Integrations.csproj", "{46B6764A-0DCF-47E6-86B8-09A1CFC3CF80}"
EndProject
Project("{9A19103F-16F7-4668-BE54-9A1E7A4F7556}") = "Altinn.Profile.Core", "src\Altinn.Profile.Core\Altinn.Profile.Core.csproj", "{8DF9A6F4-AF02-4B36-B199-78883FC51631}"
EndProject
Project("{9A19103F-16F7-4668-BE54-9A1E7A4F7556}") = "Altinn.Profile.Tests", "test\Altinn.Profile.Tests\Altinn.Profile.Tests.csproj", "{85BF7FD9-90C1-4A4E-BDCC-F89F0BA65218}"
EndProject
Project("{2150E333-8FDC-42A3-9474-1A3956D46DE8}") = "Solution items", "Solution items", "{132B1657-0A2D-4047-8F3F-28C0004C011E}"
	ProjectSection(SolutionItems) = preProject
		Dockerfile = Dockerfile
		README.md = README.md
	EndProjectSection
EndProject
Project("{2150E333-8FDC-42A3-9474-1A3956D46DE8}") = "src", "src", "{0CCDE9AB-15C9-4B1C-97A8-21F49262BDE3}"
EndProject
Project("{2150E333-8FDC-42A3-9474-1A3956D46DE8}") = "tests", "tests", "{00F4FF62-D447-4DE4-902D-CB1FB98FBECF}"
EndProject
Project("{FAE04EC0-301F-11D3-BF4B-00C04F79EFBC}") = "Altinn.Profile.Models", "src\Altinn.Profile.Models\Altinn.Profile.Models.csproj", "{AD167FDC-2FFA-0AFA-696B-5837871F47EC}"
EndProject
Global
	GlobalSection(SolutionConfigurationPlatforms) = preSolution
		Debug|Any CPU = Debug|Any CPU
		Release|Any CPU = Release|Any CPU
	EndGlobalSection
	GlobalSection(ProjectConfigurationPlatforms) = postSolution
		{D32C4EE9-E827-467A-B116-8EF0BA08A11F}.Debug|Any CPU.ActiveCfg = Debug|Any CPU
		{D32C4EE9-E827-467A-B116-8EF0BA08A11F}.Debug|Any CPU.Build.0 = Debug|Any CPU
		{D32C4EE9-E827-467A-B116-8EF0BA08A11F}.Release|Any CPU.ActiveCfg = Release|Any CPU
		{D32C4EE9-E827-467A-B116-8EF0BA08A11F}.Release|Any CPU.Build.0 = Release|Any CPU
		{46B6764A-0DCF-47E6-86B8-09A1CFC3CF80}.Debug|Any CPU.ActiveCfg = Debug|Any CPU
		{46B6764A-0DCF-47E6-86B8-09A1CFC3CF80}.Debug|Any CPU.Build.0 = Debug|Any CPU
		{46B6764A-0DCF-47E6-86B8-09A1CFC3CF80}.Release|Any CPU.ActiveCfg = Release|Any CPU
		{46B6764A-0DCF-47E6-86B8-09A1CFC3CF80}.Release|Any CPU.Build.0 = Release|Any CPU
		{8DF9A6F4-AF02-4B36-B199-78883FC51631}.Debug|Any CPU.ActiveCfg = Debug|Any CPU
		{8DF9A6F4-AF02-4B36-B199-78883FC51631}.Debug|Any CPU.Build.0 = Debug|Any CPU
		{8DF9A6F4-AF02-4B36-B199-78883FC51631}.Release|Any CPU.ActiveCfg = Release|Any CPU
		{8DF9A6F4-AF02-4B36-B199-78883FC51631}.Release|Any CPU.Build.0 = Release|Any CPU
		{85BF7FD9-90C1-4A4E-BDCC-F89F0BA65218}.Debug|Any CPU.ActiveCfg = Debug|Any CPU
		{85BF7FD9-90C1-4A4E-BDCC-F89F0BA65218}.Debug|Any CPU.Build.0 = Debug|Any CPU
		{85BF7FD9-90C1-4A4E-BDCC-F89F0BA65218}.Release|Any CPU.ActiveCfg = Release|Any CPU
		{85BF7FD9-90C1-4A4E-BDCC-F89F0BA65218}.Release|Any CPU.Build.0 = Release|Any CPU
		{AD167FDC-2FFA-0AFA-696B-5837871F47EC}.Debug|Any CPU.ActiveCfg = Debug|Any CPU
		{AD167FDC-2FFA-0AFA-696B-5837871F47EC}.Debug|Any CPU.Build.0 = Debug|Any CPU
		{AD167FDC-2FFA-0AFA-696B-5837871F47EC}.Release|Any CPU.ActiveCfg = Release|Any CPU
		{AD167FDC-2FFA-0AFA-696B-5837871F47EC}.Release|Any CPU.Build.0 = Release|Any CPU
	EndGlobalSection
	GlobalSection(SolutionProperties) = preSolution
		HideSolutionNode = FALSE
	EndGlobalSection
	GlobalSection(NestedProjects) = preSolution
		{D32C4EE9-E827-467A-B116-8EF0BA08A11F} = {0CCDE9AB-15C9-4B1C-97A8-21F49262BDE3}
		{46B6764A-0DCF-47E6-86B8-09A1CFC3CF80} = {0CCDE9AB-15C9-4B1C-97A8-21F49262BDE3}
		{8DF9A6F4-AF02-4B36-B199-78883FC51631} = {0CCDE9AB-15C9-4B1C-97A8-21F49262BDE3}
		{85BF7FD9-90C1-4A4E-BDCC-F89F0BA65218} = {00F4FF62-D447-4DE4-902D-CB1FB98FBECF}
		{AD167FDC-2FFA-0AFA-696B-5837871F47EC} = {0CCDE9AB-15C9-4B1C-97A8-21F49262BDE3}
	EndGlobalSection
	GlobalSection(ExtensibilityGlobals) = postSolution
		SolutionGuid = {0BE3D36E-14FA-4A8E-A968-DE322F5A381E}
	EndGlobalSection
EndGlobal
